
Microsoft Visual Studio Solution File, Format Version 12.00
# Visual Studio Version 17
VisualStudioVersion = 17.4.33213.308
MinimumVisualStudioVersion = 10.0.40219.1
Project("{2150E333-8FDC-42A3-9474-1A3956D46DE8}") = "src", "src", "{E56A9321-9199-46FE-95BB-9C822CCBADF6}"
EndProject
Project("{2150E333-8FDC-42A3-9474-1A3956D46DE8}") = "Core", "Core", "{33A64101-DF8E-473D-98FD-1338AFB277FB}"
EndProject
Project("{2150E333-8FDC-42A3-9474-1A3956D46DE8}") = "Infraestructure", "Infraestructure", "{C731D41E-8261-487E-9D22-69AA8E1C2514}"
EndProject
Project("{2150E333-8FDC-42A3-9474-1A3956D46DE8}") = "Presentation", "Presentation", "{CC515D29-5BB8-4D7F-8DA0-81F8148C220F}"
EndProject
Project("{9A19103F-16F7-4668-BE54-9A1E7A4F7556}") = "Application", "Application\Application.csproj", "{4AF3ADBD-91AA-4861-80DE-67C2110CA8CA}"
EndProject
Project("{9A19103F-16F7-4668-BE54-9A1E7A4F7556}") = "Domain", "Domain\Domain.csproj", "{15532194-B157-43A2-9046-AD2E9934BC6C}"
EndProject
Project("{9A19103F-16F7-4668-BE54-9A1E7A4F7556}") = "Persistence", "Persistence\Persistence.csproj", "{4EA38C18-6390-4496-9776-F34490976B52}"
EndProject
Project("{9A19103F-16F7-4668-BE54-9A1E7A4F7556}") = "Shared", "Shared\Shared.csproj", "{B6B2963A-5EAC-4FC8-B1C1-F837FECBC394}"
EndProject
Project("{9A19103F-16F7-4668-BE54-9A1E7A4F7556}") = "WebApi", "WebApi\WebApi.csproj", "{BCBFA77D-8D2A-4DA9-9985-441CEFA645E6}"
EndProject
Project("{FAE04EC0-301F-11D3-BF4B-00C04F79EFBC}") = "Identity", "Identity\Identity.csproj", "{C95BCBAB-49A6-4499-9E8E-3F934F9A255A}"
EndProject
Global
	GlobalSection(SolutionConfigurationPlatforms) = preSolution
		Debug|Any CPU = Debug|Any CPU
		Release|Any CPU = Release|Any CPU
	EndGlobalSection
	GlobalSection(ProjectConfigurationPlatforms) = postSolution
		{4AF3ADBD-91AA-4861-80DE-67C2110CA8CA}.Debug|Any CPU.ActiveCfg = Debug|Any CPU
		{4AF3ADBD-91AA-4861-80DE-67C2110CA8CA}.Debug|Any CPU.Build.0 = Debug|Any CPU
		{4AF3ADBD-91AA-4861-80DE-67C2110CA8CA}.Release|Any CPU.ActiveCfg = Release|Any CPU
		{4AF3ADBD-91AA-4861-80DE-67C2110CA8CA}.Release|Any CPU.Build.0 = Release|Any CPU
		{15532194-B157-43A2-9046-AD2E9934BC6C}.Debug|Any CPU.ActiveCfg = Debug|Any CPU
		{15532194-B157-43A2-9046-AD2E9934BC6C}.Debug|Any CPU.Build.0 = Debug|Any CPU
		{15532194-B157-43A2-9046-AD2E9934BC6C}.Release|Any CPU.ActiveCfg = Release|Any CPU
		{15532194-B157-43A2-9046-AD2E9934BC6C}.Release|Any CPU.Build.0 = Release|Any CPU
		{4EA38C18-6390-4496-9776-F34490976B52}.Debug|Any CPU.ActiveCfg = Debug|Any CPU
		{4EA38C18-6390-4496-9776-F34490976B52}.Debug|Any CPU.Build.0 = Debug|Any CPU
		{4EA38C18-6390-4496-9776-F34490976B52}.Release|Any CPU.ActiveCfg = Release|Any CPU
		{4EA38C18-6390-4496-9776-F34490976B52}.Release|Any CPU.Build.0 = Release|Any CPU
		{B6B2963A-5EAC-4FC8-B1C1-F837FECBC394}.Debug|Any CPU.ActiveCfg = Debug|Any CPU
		{B6B2963A-5EAC-4FC8-B1C1-F837FECBC394}.Debug|Any CPU.Build.0 = Debug|Any CPU
		{B6B2963A-5EAC-4FC8-B1C1-F837FECBC394}.Release|Any CPU.ActiveCfg = Release|Any CPU
		{B6B2963A-5EAC-4FC8-B1C1-F837FECBC394}.Release|Any CPU.Build.0 = Release|Any CPU
		{BCBFA77D-8D2A-4DA9-9985-441CEFA645E6}.Debug|Any CPU.ActiveCfg = Debug|Any CPU
		{BCBFA77D-8D2A-4DA9-9985-441CEFA645E6}.Debug|Any CPU.Build.0 = Debug|Any CPU
		{BCBFA77D-8D2A-4DA9-9985-441CEFA645E6}.Release|Any CPU.ActiveCfg = Release|Any CPU
		{BCBFA77D-8D2A-4DA9-9985-441CEFA645E6}.Release|Any CPU.Build.0 = Release|Any CPU
		{C95BCBAB-49A6-4499-9E8E-3F934F9A255A}.Debug|Any CPU.ActiveCfg = Debug|Any CPU
		{C95BCBAB-49A6-4499-9E8E-3F934F9A255A}.Debug|Any CPU.Build.0 = Debug|Any CPU
		{C95BCBAB-49A6-4499-9E8E-3F934F9A255A}.Release|Any CPU.ActiveCfg = Release|Any CPU
		{C95BCBAB-49A6-4499-9E8E-3F934F9A255A}.Release|Any CPU.Build.0 = Release|Any CPU
	EndGlobalSection
	GlobalSection(SolutionProperties) = preSolution
		HideSolutionNode = FALSE
	EndGlobalSection
	GlobalSection(NestedProjects) = preSolution
		{33A64101-DF8E-473D-98FD-1338AFB277FB} = {E56A9321-9199-46FE-95BB-9C822CCBADF6}
		{C731D41E-8261-487E-9D22-69AA8E1C2514} = {E56A9321-9199-46FE-95BB-9C822CCBADF6}
		{CC515D29-5BB8-4D7F-8DA0-81F8148C220F} = {E56A9321-9199-46FE-95BB-9C822CCBADF6}
		{4AF3ADBD-91AA-4861-80DE-67C2110CA8CA} = {33A64101-DF8E-473D-98FD-1338AFB277FB}
		{15532194-B157-43A2-9046-AD2E9934BC6C} = {33A64101-DF8E-473D-98FD-1338AFB277FB}
		{4EA38C18-6390-4496-9776-F34490976B52} = {C731D41E-8261-487E-9D22-69AA8E1C2514}
		{B6B2963A-5EAC-4FC8-B1C1-F837FECBC394} = {C731D41E-8261-487E-9D22-69AA8E1C2514}
		{BCBFA77D-8D2A-4DA9-9985-441CEFA645E6} = {CC515D29-5BB8-4D7F-8DA0-81F8148C220F}
		{C95BCBAB-49A6-4499-9E8E-3F934F9A255A} = {C731D41E-8261-487E-9D22-69AA8E1C2514}
	EndGlobalSection
	GlobalSection(ExtensibilityGlobals) = postSolution
		SolutionGuid = {CD72CCBC-5903-48A7-BDF3-2AFB06E73E23}
	EndGlobalSection
EndGlobal
